
Microsoft Visual Studio Solution File, Format Version 12.00
# Visual Studio Version 17
VisualStudioVersion = 17.2.32630.192
MinimumVisualStudioVersion = 10.0.40219.1
Project("{2150E333-8FDC-42A3-9474-1A3956D46DE8}") = "Source", "Source", "{965FB787-5D32-4376-8167-9C27D31A1957}"
	ProjectSection(SolutionItems) = preProject
		Source\Directory.Build.props = Source\Directory.Build.props
	EndProjectSection
EndProject
Project("{9A19103F-16F7-4668-BE54-9A1E7A4F7556}") = "Froggie.Api", "Source\Froggie.Api\Froggie.Api.csproj", "{6A27C706-1BB7-4F7A-AB3A-E2557E211B72}"
EndProject
Project("{9A19103F-16F7-4668-BE54-9A1E7A4F7556}") = "Froggie.Domain", "Source\Froggie.Domain\Froggie.Domain.csproj", "{7C587FE1-C8B9-4ADF-A72C-2FF3D2304554}"
EndProject
Project("{9A19103F-16F7-4668-BE54-9A1E7A4F7556}") = "Froggie.Data", "Source\Froggie.Data\Froggie.Data.csproj", "{09609C79-8382-4A24-B062-6D108E14C300}"
EndProject
Project("{2150E333-8FDC-42A3-9474-1A3956D46DE8}") = "Test", "Test", "{39803295-8758-4B4F-B4BC-65E176C4BD1E}"
	ProjectSection(SolutionItems) = preProject
		Test\Directory.Build.props = Test\Directory.Build.props
	EndProjectSection
EndProject
Project("{9A19103F-16F7-4668-BE54-9A1E7A4F7556}") = "Froggie.Api.Test", "Test\Froggie.Api.Test\Froggie.Api.Test.csproj", "{A7E76BFA-5D73-40CB-9F27-C180B89DFB7F}"
EndProject
Project("{9A19103F-16F7-4668-BE54-9A1E7A4F7556}") = "Froggie.Domain.Test", "Test\Froggie.Domain.Test\Froggie.Domain.Test.csproj", "{7F733132-F463-4F2D-9E89-556EE638AF27}"
EndProject
Project("{9A19103F-16F7-4668-BE54-9A1E7A4F7556}") = "Froggie.Data.Test", "Test\Froggie.Data.Test\Froggie.Data.Test.csproj", "{873C4B3D-C41F-45C2-A125-0BB6F92F2DFB}"
EndProject
Project("{2150E333-8FDC-42A3-9474-1A3956D46DE8}") = "Solution", "Solution", "{D765EF67-E79B-4E4B-9C39-E142AC57203C}"
	ProjectSection(SolutionItems) = preProject
		Directory.Build.props = Directory.Build.props
	EndProjectSection
EndProject
Project("{9A19103F-16F7-4668-BE54-9A1E7A4F7556}") = "LittleByte.Test", "Common\Test\LittleByte.Test\LittleByte.Test.csproj", "{2073B33D-2CCB-441F-B94F-BAEA0843EABE}"
EndProject
Project("{9A19103F-16F7-4668-BE54-9A1E7A4F7556}") = "LittleByte.Serilog", "Common\Source\LittleByte.Serilog\LittleByte.Serilog.csproj", "{4BD38DF5-EC77-483B-885C-A0E27F5EF6E1}"
EndProject
Project("{9A19103F-16F7-4668-BE54-9A1E7A4F7556}") = "LittleByte.Validation.Test", "Common\Test\LittleByte.Validation.Test\LittleByte.Validation.Test.csproj", "{B9D6AA00-3753-4397-B703-DEF13C9B02D6}"
EndProject
Project("{9A19103F-16F7-4668-BE54-9A1E7A4F7556}") = "LittleByte.Validation", "Common\Source\LittleByte.Validation\LittleByte.Validation.csproj", "{65CE596B-3DD9-4745-B399-3B4473D295AA}"
EndProject
Project("{9A19103F-16F7-4668-BE54-9A1E7A4F7556}") = "LittleByte.Common", "Common\Source\LittleByte.Common\LittleByte.Common.csproj", "{D361D817-FD89-44B1-896E-96FA9535D851}"
EndProject
Project("{9A19103F-16F7-4668-BE54-9A1E7A4F7556}") = "LittleByte.Data", "Common\Source\LittleByte.Data\LittleByte.Data.csproj", "{F5B7F285-2D23-43E8-961C-F5D2F5DC4388}"
EndProject
Project("{9A19103F-16F7-4668-BE54-9A1E7A4F7556}") = "LittleByte.EntityFramework", "Common\Source\LittleByte.EntityFramework\LittleByte.EntityFramework.csproj", "{709D4055-5F06-4DA2-9A5E-20A6E2662D0B}"
EndProject
Project("{9A19103F-16F7-4668-BE54-9A1E7A4F7556}") = "LittleByte.AutoMapper", "Common\Source\LittleByte.AutoMapper\LittleByte.AutoMapper.csproj", "{65B8A037-59ED-4B75-AC59-68C8202F67CB}"
EndProject
Project("{9A19103F-16F7-4668-BE54-9A1E7A4F7556}") = "LittleByte.AspNet", "Common\Source\LittleByte.AspNet\LittleByte.AspNet.csproj", "{5AE1B915-122B-40D6-8D6B-762618699B2A}"
EndProject
Project("{9A19103F-16F7-4668-BE54-9A1E7A4F7556}") = "LittleByte.AutoMapper.AspNet", "Common\Source\LittleByte.AutoMapper.AspNet\LittleByte.AutoMapper.AspNet.csproj", "{064F30FF-6B0E-44DC-9098-F3F584E101E3}"
EndProject
Project("{9A19103F-16F7-4668-BE54-9A1E7A4F7556}") = "LittleByte.Serilog.AspNet", "Common\Source\LittleByte.Serilog.AspNet\LittleByte.Serilog.AspNet.csproj", "{127A91B2-7AD5-4295-9794-83D7CA63A327}"
EndProject
Project("{9A19103F-16F7-4668-BE54-9A1E7A4F7556}") = "LittleByte.AutoMapper.Data", "Common\Source\LittleByte.AutoMapper.Data\LittleByte.AutoMapper.Data.csproj", "{060F6D40-62F2-4CFA-A4D5-3B0336DA3AFB}"
EndProject
Project("{9A19103F-16F7-4668-BE54-9A1E7A4F7556}") = "LittleByte.AspNet.Test", "Common\Test\LittleByte.AspNet.Test\LittleByte.AspNet.Test.csproj", "{B2B84A61-45A3-47EC-A000-AD4C7C21816B}"
EndProject
Project("{9A19103F-16F7-4668-BE54-9A1E7A4F7556}") = "LittleByte.Domain", "Common\Source\LittleByte.Domain\LittleByte.Domain.csproj", "{BAD33AD4-1F75-4F6C-86CC-C494E4738103}"
EndProject
Project("{FAE04EC0-301F-11D3-BF4B-00C04F79EFBC}") = "LittleByte.EntityFramework.Identity", "Common\Source\LittleByte.EntityFramework.Identity\LittleByte.EntityFramework.Identity.csproj", "{48454C10-2FD0-4E18-A7C7-FB586F4FE161}"
EndProject
Global
	GlobalSection(SolutionConfigurationPlatforms) = preSolution
		Debug|Any CPU = Debug|Any CPU
		Debug|x64 = Debug|x64
		Release|Any CPU = Release|Any CPU
		Release|x64 = Release|x64
	EndGlobalSection
	GlobalSection(ProjectConfigurationPlatforms) = postSolution
		{6A27C706-1BB7-4F7A-AB3A-E2557E211B72}.Debug|Any CPU.ActiveCfg = Debug|Any CPU
		{6A27C706-1BB7-4F7A-AB3A-E2557E211B72}.Debug|Any CPU.Build.0 = Debug|Any CPU
		{6A27C706-1BB7-4F7A-AB3A-E2557E211B72}.Debug|x64.ActiveCfg = Debug|x64
		{6A27C706-1BB7-4F7A-AB3A-E2557E211B72}.Debug|x64.Build.0 = Debug|x64
		{6A27C706-1BB7-4F7A-AB3A-E2557E211B72}.Release|Any CPU.ActiveCfg = Release|Any CPU
		{6A27C706-1BB7-4F7A-AB3A-E2557E211B72}.Release|Any CPU.Build.0 = Release|Any CPU
		{6A27C706-1BB7-4F7A-AB3A-E2557E211B72}.Release|x64.ActiveCfg = Release|Any CPU
		{6A27C706-1BB7-4F7A-AB3A-E2557E211B72}.Release|x64.Build.0 = Release|Any CPU
		{7C587FE1-C8B9-4ADF-A72C-2FF3D2304554}.Debug|Any CPU.ActiveCfg = Debug|Any CPU
		{7C587FE1-C8B9-4ADF-A72C-2FF3D2304554}.Debug|Any CPU.Build.0 = Debug|Any CPU
		{7C587FE1-C8B9-4ADF-A72C-2FF3D2304554}.Debug|x64.ActiveCfg = Debug|x64
		{7C587FE1-C8B9-4ADF-A72C-2FF3D2304554}.Debug|x64.Build.0 = Debug|x64
		{7C587FE1-C8B9-4ADF-A72C-2FF3D2304554}.Release|Any CPU.ActiveCfg = Release|Any CPU
		{7C587FE1-C8B9-4ADF-A72C-2FF3D2304554}.Release|Any CPU.Build.0 = Release|Any CPU
		{7C587FE1-C8B9-4ADF-A72C-2FF3D2304554}.Release|x64.ActiveCfg = Release|Any CPU
		{7C587FE1-C8B9-4ADF-A72C-2FF3D2304554}.Release|x64.Build.0 = Release|Any CPU
		{09609C79-8382-4A24-B062-6D108E14C300}.Debug|Any CPU.ActiveCfg = Debug|Any CPU
		{09609C79-8382-4A24-B062-6D108E14C300}.Debug|Any CPU.Build.0 = Debug|Any CPU
		{09609C79-8382-4A24-B062-6D108E14C300}.Debug|x64.ActiveCfg = Debug|x64
		{09609C79-8382-4A24-B062-6D108E14C300}.Debug|x64.Build.0 = Debug|x64
		{09609C79-8382-4A24-B062-6D108E14C300}.Release|Any CPU.ActiveCfg = Release|Any CPU
		{09609C79-8382-4A24-B062-6D108E14C300}.Release|Any CPU.Build.0 = Release|Any CPU
		{09609C79-8382-4A24-B062-6D108E14C300}.Release|x64.ActiveCfg = Release|Any CPU
		{09609C79-8382-4A24-B062-6D108E14C300}.Release|x64.Build.0 = Release|Any CPU
		{A7E76BFA-5D73-40CB-9F27-C180B89DFB7F}.Debug|Any CPU.ActiveCfg = Debug|Any CPU
		{A7E76BFA-5D73-40CB-9F27-C180B89DFB7F}.Debug|Any CPU.Build.0 = Debug|Any CPU
		{A7E76BFA-5D73-40CB-9F27-C180B89DFB7F}.Debug|x64.ActiveCfg = Debug|Any CPU
		{A7E76BFA-5D73-40CB-9F27-C180B89DFB7F}.Debug|x64.Build.0 = Debug|Any CPU
		{A7E76BFA-5D73-40CB-9F27-C180B89DFB7F}.Release|Any CPU.ActiveCfg = Release|Any CPU
		{A7E76BFA-5D73-40CB-9F27-C180B89DFB7F}.Release|Any CPU.Build.0 = Release|Any CPU
		{A7E76BFA-5D73-40CB-9F27-C180B89DFB7F}.Release|x64.ActiveCfg = Release|Any CPU
		{7F733132-F463-4F2D-9E89-556EE638AF27}.Debug|Any CPU.ActiveCfg = Debug|Any CPU
		{7F733132-F463-4F2D-9E89-556EE638AF27}.Debug|Any CPU.Build.0 = Debug|Any CPU
		{7F733132-F463-4F2D-9E89-556EE638AF27}.Debug|x64.ActiveCfg = Debug|Any CPU
		{7F733132-F463-4F2D-9E89-556EE638AF27}.Debug|x64.Build.0 = Debug|Any CPU
		{7F733132-F463-4F2D-9E89-556EE638AF27}.Release|Any CPU.ActiveCfg = Release|Any CPU
		{7F733132-F463-4F2D-9E89-556EE638AF27}.Release|Any CPU.Build.0 = Release|Any CPU
		{7F733132-F463-4F2D-9E89-556EE638AF27}.Release|x64.ActiveCfg = Release|Any CPU
		{873C4B3D-C41F-45C2-A125-0BB6F92F2DFB}.Debug|Any CPU.ActiveCfg = Debug|Any CPU
		{873C4B3D-C41F-45C2-A125-0BB6F92F2DFB}.Debug|Any CPU.Build.0 = Debug|Any CPU
		{873C4B3D-C41F-45C2-A125-0BB6F92F2DFB}.Debug|x64.ActiveCfg = Debug|Any CPU
		{873C4B3D-C41F-45C2-A125-0BB6F92F2DFB}.Debug|x64.Build.0 = Debug|Any CPU
		{873C4B3D-C41F-45C2-A125-0BB6F92F2DFB}.Release|Any CPU.ActiveCfg = Release|Any CPU
		{873C4B3D-C41F-45C2-A125-0BB6F92F2DFB}.Release|Any CPU.Build.0 = Release|Any CPU
		{873C4B3D-C41F-45C2-A125-0BB6F92F2DFB}.Release|x64.ActiveCfg = Release|Any CPU
		{2073B33D-2CCB-441F-B94F-BAEA0843EABE}.Debug|Any CPU.ActiveCfg = Debug|x64
		{2073B33D-2CCB-441F-B94F-BAEA0843EABE}.Debug|Any CPU.Build.0 = Debug|x64
		{2073B33D-2CCB-441F-B94F-BAEA0843EABE}.Debug|x64.ActiveCfg = Debug|x64
		{2073B33D-2CCB-441F-B94F-BAEA0843EABE}.Debug|x64.Build.0 = Debug|x64
		{2073B33D-2CCB-441F-B94F-BAEA0843EABE}.Release|Any CPU.ActiveCfg = Debug|x64
		{2073B33D-2CCB-441F-B94F-BAEA0843EABE}.Release|Any CPU.Build.0 = Debug|x64
		{2073B33D-2CCB-441F-B94F-BAEA0843EABE}.Release|x64.ActiveCfg = Debug|x64
		{4BD38DF5-EC77-483B-885C-A0E27F5EF6E1}.Debug|Any CPU.ActiveCfg = Debug|Any CPU
		{4BD38DF5-EC77-483B-885C-A0E27F5EF6E1}.Debug|Any CPU.Build.0 = Debug|Any CPU
		{4BD38DF5-EC77-483B-885C-A0E27F5EF6E1}.Debug|x64.ActiveCfg = Debug|x64
		{4BD38DF5-EC77-483B-885C-A0E27F5EF6E1}.Debug|x64.Build.0 = Debug|x64
		{4BD38DF5-EC77-483B-885C-A0E27F5EF6E1}.Release|Any CPU.ActiveCfg = Release|Any CPU
		{4BD38DF5-EC77-483B-885C-A0E27F5EF6E1}.Release|Any CPU.Build.0 = Release|Any CPU
		{4BD38DF5-EC77-483B-885C-A0E27F5EF6E1}.Release|x64.ActiveCfg = Release|x64
		{4BD38DF5-EC77-483B-885C-A0E27F5EF6E1}.Release|x64.Build.0 = Release|x64
		{B9D6AA00-3753-4397-B703-DEF13C9B02D6}.Debug|Any CPU.ActiveCfg = Debug|Any CPU
		{B9D6AA00-3753-4397-B703-DEF13C9B02D6}.Debug|Any CPU.Build.0 = Debug|Any CPU
		{B9D6AA00-3753-4397-B703-DEF13C9B02D6}.Debug|x64.ActiveCfg = Debug|Any CPU
		{B9D6AA00-3753-4397-B703-DEF13C9B02D6}.Debug|x64.Build.0 = Debug|Any CPU
		{B9D6AA00-3753-4397-B703-DEF13C9B02D6}.Release|Any CPU.ActiveCfg = Debug|Any CPU
		{B9D6AA00-3753-4397-B703-DEF13C9B02D6}.Release|Any CPU.Build.0 = Debug|Any CPU
		{B9D6AA00-3753-4397-B703-DEF13C9B02D6}.Release|x64.ActiveCfg = Debug|Any CPU
		{B9D6AA00-3753-4397-B703-DEF13C9B02D6}.Release|x64.Build.0 = Debug|Any CPU
		{65CE596B-3DD9-4745-B399-3B4473D295AA}.Debug|Any CPU.ActiveCfg = Debug|Any CPU
		{65CE596B-3DD9-4745-B399-3B4473D295AA}.Debug|Any CPU.Build.0 = Debug|Any CPU
		{65CE596B-3DD9-4745-B399-3B4473D295AA}.Debug|x64.ActiveCfg = Debug|x64
		{65CE596B-3DD9-4745-B399-3B4473D295AA}.Debug|x64.Build.0 = Debug|x64
		{65CE596B-3DD9-4745-B399-3B4473D295AA}.Release|Any CPU.ActiveCfg = Release|Any CPU
		{65CE596B-3DD9-4745-B399-3B4473D295AA}.Release|Any CPU.Build.0 = Release|Any CPU
		{65CE596B-3DD9-4745-B399-3B4473D295AA}.Release|x64.ActiveCfg = Release|x64
		{65CE596B-3DD9-4745-B399-3B4473D295AA}.Release|x64.Build.0 = Release|x64
		{D361D817-FD89-44B1-896E-96FA9535D851}.Debug|Any CPU.ActiveCfg = Debug|Any CPU
		{D361D817-FD89-44B1-896E-96FA9535D851}.Debug|Any CPU.Build.0 = Debug|Any CPU
		{D361D817-FD89-44B1-896E-96FA9535D851}.Debug|x64.ActiveCfg = Debug|x64
		{D361D817-FD89-44B1-896E-96FA9535D851}.Debug|x64.Build.0 = Debug|x64
		{D361D817-FD89-44B1-896E-96FA9535D851}.Release|Any CPU.ActiveCfg = Release|Any CPU
		{D361D817-FD89-44B1-896E-96FA9535D851}.Release|Any CPU.Build.0 = Release|Any CPU
		{D361D817-FD89-44B1-896E-96FA9535D851}.Release|x64.ActiveCfg = Release|x64
		{D361D817-FD89-44B1-896E-96FA9535D851}.Release|x64.Build.0 = Release|x64
		{F5B7F285-2D23-43E8-961C-F5D2F5DC4388}.Debug|Any CPU.ActiveCfg = Debug|Any CPU
		{F5B7F285-2D23-43E8-961C-F5D2F5DC4388}.Debug|Any CPU.Build.0 = Debug|Any CPU
		{F5B7F285-2D23-43E8-961C-F5D2F5DC4388}.Debug|x64.ActiveCfg = Debug|x64
		{F5B7F285-2D23-43E8-961C-F5D2F5DC4388}.Debug|x64.Build.0 = Debug|x64
		{F5B7F285-2D23-43E8-961C-F5D2F5DC4388}.Release|Any CPU.ActiveCfg = Release|Any CPU
		{F5B7F285-2D23-43E8-961C-F5D2F5DC4388}.Release|Any CPU.Build.0 = Release|Any CPU
		{F5B7F285-2D23-43E8-961C-F5D2F5DC4388}.Release|x64.ActiveCfg = Release|x64
		{F5B7F285-2D23-43E8-961C-F5D2F5DC4388}.Release|x64.Build.0 = Release|x64
		{709D4055-5F06-4DA2-9A5E-20A6E2662D0B}.Debug|Any CPU.ActiveCfg = Debug|Any CPU
		{709D4055-5F06-4DA2-9A5E-20A6E2662D0B}.Debug|Any CPU.Build.0 = Debug|Any CPU
		{709D4055-5F06-4DA2-9A5E-20A6E2662D0B}.Debug|x64.ActiveCfg = Debug|x64
		{709D4055-5F06-4DA2-9A5E-20A6E2662D0B}.Debug|x64.Build.0 = Debug|x64
		{709D4055-5F06-4DA2-9A5E-20A6E2662D0B}.Release|Any CPU.ActiveCfg = Release|Any CPU
		{709D4055-5F06-4DA2-9A5E-20A6E2662D0B}.Release|Any CPU.Build.0 = Release|Any CPU
		{709D4055-5F06-4DA2-9A5E-20A6E2662D0B}.Release|x64.ActiveCfg = Release|x64
		{709D4055-5F06-4DA2-9A5E-20A6E2662D0B}.Release|x64.Build.0 = Release|x64
		{65B8A037-59ED-4B75-AC59-68C8202F67CB}.Debug|Any CPU.ActiveCfg = Debug|Any CPU
		{65B8A037-59ED-4B75-AC59-68C8202F67CB}.Debug|Any CPU.Build.0 = Debug|Any CPU
		{65B8A037-59ED-4B75-AC59-68C8202F67CB}.Debug|x64.ActiveCfg = Debug|x64
		{65B8A037-59ED-4B75-AC59-68C8202F67CB}.Debug|x64.Build.0 = Debug|x64
		{65B8A037-59ED-4B75-AC59-68C8202F67CB}.Release|Any CPU.ActiveCfg = Release|Any CPU
		{65B8A037-59ED-4B75-AC59-68C8202F67CB}.Release|Any CPU.Build.0 = Release|Any CPU
		{65B8A037-59ED-4B75-AC59-68C8202F67CB}.Release|x64.ActiveCfg = Release|x64
		{65B8A037-59ED-4B75-AC59-68C8202F67CB}.Release|x64.Build.0 = Release|x64
		{5AE1B915-122B-40D6-8D6B-762618699B2A}.Debug|Any CPU.ActiveCfg = Debug|Any CPU
		{5AE1B915-122B-40D6-8D6B-762618699B2A}.Debug|Any CPU.Build.0 = Debug|Any CPU
		{5AE1B915-122B-40D6-8D6B-762618699B2A}.Debug|x64.ActiveCfg = Debug|x64
		{5AE1B915-122B-40D6-8D6B-762618699B2A}.Debug|x64.Build.0 = Debug|x64
		{5AE1B915-122B-40D6-8D6B-762618699B2A}.Release|Any CPU.ActiveCfg = Release|Any CPU
		{5AE1B915-122B-40D6-8D6B-762618699B2A}.Release|Any CPU.Build.0 = Release|Any CPU
		{5AE1B915-122B-40D6-8D6B-762618699B2A}.Release|x64.ActiveCfg = Release|x64
		{5AE1B915-122B-40D6-8D6B-762618699B2A}.Release|x64.Build.0 = Release|x64
		{064F30FF-6B0E-44DC-9098-F3F584E101E3}.Debug|Any CPU.ActiveCfg = Debug|Any CPU
		{064F30FF-6B0E-44DC-9098-F3F584E101E3}.Debug|Any CPU.Build.0 = Debug|Any CPU
		{064F30FF-6B0E-44DC-9098-F3F584E101E3}.Debug|x64.ActiveCfg = Debug|x64
		{064F30FF-6B0E-44DC-9098-F3F584E101E3}.Debug|x64.Build.0 = Debug|x64
		{064F30FF-6B0E-44DC-9098-F3F584E101E3}.Release|Any CPU.ActiveCfg = Release|Any CPU
		{064F30FF-6B0E-44DC-9098-F3F584E101E3}.Release|Any CPU.Build.0 = Release|Any CPU
		{064F30FF-6B0E-44DC-9098-F3F584E101E3}.Release|x64.ActiveCfg = Release|x64
		{064F30FF-6B0E-44DC-9098-F3F584E101E3}.Release|x64.Build.0 = Release|x64
		{127A91B2-7AD5-4295-9794-83D7CA63A327}.Debug|Any CPU.ActiveCfg = Debug|Any CPU
		{127A91B2-7AD5-4295-9794-83D7CA63A327}.Debug|Any CPU.Build.0 = Debug|Any CPU
		{127A91B2-7AD5-4295-9794-83D7CA63A327}.Debug|x64.ActiveCfg = Debug|x64
		{127A91B2-7AD5-4295-9794-83D7CA63A327}.Debug|x64.Build.0 = Debug|x64
		{127A91B2-7AD5-4295-9794-83D7CA63A327}.Release|Any CPU.ActiveCfg = Release|Any CPU
		{127A91B2-7AD5-4295-9794-83D7CA63A327}.Release|Any CPU.Build.0 = Release|Any CPU
		{127A91B2-7AD5-4295-9794-83D7CA63A327}.Release|x64.ActiveCfg = Release|x64
		{127A91B2-7AD5-4295-9794-83D7CA63A327}.Release|x64.Build.0 = Release|x64
		{060F6D40-62F2-4CFA-A4D5-3B0336DA3AFB}.Debug|Any CPU.ActiveCfg = Debug|Any CPU
		{060F6D40-62F2-4CFA-A4D5-3B0336DA3AFB}.Debug|Any CPU.Build.0 = Debug|Any CPU
		{060F6D40-62F2-4CFA-A4D5-3B0336DA3AFB}.Debug|x64.ActiveCfg = Debug|x64
		{060F6D40-62F2-4CFA-A4D5-3B0336DA3AFB}.Debug|x64.Build.0 = Debug|x64
		{060F6D40-62F2-4CFA-A4D5-3B0336DA3AFB}.Release|Any CPU.ActiveCfg = Release|Any CPU
		{060F6D40-62F2-4CFA-A4D5-3B0336DA3AFB}.Release|Any CPU.Build.0 = Release|Any CPU
		{060F6D40-62F2-4CFA-A4D5-3B0336DA3AFB}.Release|x64.ActiveCfg = Release|x64
		{060F6D40-62F2-4CFA-A4D5-3B0336DA3AFB}.Release|x64.Build.0 = Release|x64
		{B2B84A61-45A3-47EC-A000-AD4C7C21816B}.Debug|Any CPU.ActiveCfg = Debug|Any CPU
		{B2B84A61-45A3-47EC-A000-AD4C7C21816B}.Debug|Any CPU.Build.0 = Debug|Any CPU
		{B2B84A61-45A3-47EC-A000-AD4C7C21816B}.Debug|x64.ActiveCfg = Debug|Any CPU
		{B2B84A61-45A3-47EC-A000-AD4C7C21816B}.Debug|x64.Build.0 = Debug|Any CPU
		{B2B84A61-45A3-47EC-A000-AD4C7C21816B}.Release|Any CPU.ActiveCfg = Debug|Any CPU
		{B2B84A61-45A3-47EC-A000-AD4C7C21816B}.Release|Any CPU.Build.0 = Debug|Any CPU
		{B2B84A61-45A3-47EC-A000-AD4C7C21816B}.Release|x64.ActiveCfg = Debug|Any CPU
		{B2B84A61-45A3-47EC-A000-AD4C7C21816B}.Release|x64.Build.0 = Debug|Any CPU
		{BAD33AD4-1F75-4F6C-86CC-C494E4738103}.Debug|Any CPU.ActiveCfg = Debug|Any CPU
		{BAD33AD4-1F75-4F6C-86CC-C494E4738103}.Debug|Any CPU.Build.0 = Debug|Any CPU
		{BAD33AD4-1F75-4F6C-86CC-C494E4738103}.Debug|x64.ActiveCfg = Debug|Any CPU
		{BAD33AD4-1F75-4F6C-86CC-C494E4738103}.Debug|x64.Build.0 = Debug|Any CPU
		{BAD33AD4-1F75-4F6C-86CC-C494E4738103}.Release|Any CPU.ActiveCfg = Release|Any CPU
		{BAD33AD4-1F75-4F6C-86CC-C494E4738103}.Release|Any CPU.Build.0 = Release|Any CPU
		{BAD33AD4-1F75-4F6C-86CC-C494E4738103}.Release|x64.ActiveCfg = Release|Any CPU
		{BAD33AD4-1F75-4F6C-86CC-C494E4738103}.Release|x64.Build.0 = Release|Any CPU
		{48454C10-2FD0-4E18-A7C7-FB586F4FE161}.Debug|Any CPU.ActiveCfg = Debug|Any CPU
		{48454C10-2FD0-4E18-A7C7-FB586F4FE161}.Debug|Any CPU.Build.0 = Debug|Any CPU
		{48454C10-2FD0-4E18-A7C7-FB586F4FE161}.Debug|x64.ActiveCfg = Debug|Any CPU
		{48454C10-2FD0-4E18-A7C7-FB586F4FE161}.Debug|x64.Build.0 = Debug|Any CPU
		{48454C10-2FD0-4E18-A7C7-FB586F4FE161}.Release|Any CPU.ActiveCfg = Release|Any CPU
		{48454C10-2FD0-4E18-A7C7-FB586F4FE161}.Release|Any CPU.Build.0 = Release|Any CPU
		{48454C10-2FD0-4E18-A7C7-FB586F4FE161}.Release|x64.ActiveCfg = Release|Any CPU
		{48454C10-2FD0-4E18-A7C7-FB586F4FE161}.Release|x64.Build.0 = Release|Any CPU
	EndGlobalSection
	GlobalSection(SolutionProperties) = preSolution
		HideSolutionNode = FALSE
	EndGlobalSection
	GlobalSection(NestedProjects) = preSolution
		{6A27C706-1BB7-4F7A-AB3A-E2557E211B72} = {965FB787-5D32-4376-8167-9C27D31A1957}
		{7C587FE1-C8B9-4ADF-A72C-2FF3D2304554} = {965FB787-5D32-4376-8167-9C27D31A1957}
		{09609C79-8382-4A24-B062-6D108E14C300} = {965FB787-5D32-4376-8167-9C27D31A1957}
		{A7E76BFA-5D73-40CB-9F27-C180B89DFB7F} = {39803295-8758-4B4F-B4BC-65E176C4BD1E}
		{7F733132-F463-4F2D-9E89-556EE638AF27} = {39803295-8758-4B4F-B4BC-65E176C4BD1E}
		{873C4B3D-C41F-45C2-A125-0BB6F92F2DFB} = {39803295-8758-4B4F-B4BC-65E176C4BD1E}
		{2073B33D-2CCB-441F-B94F-BAEA0843EABE} = {39803295-8758-4B4F-B4BC-65E176C4BD1E}
		{4BD38DF5-EC77-483B-885C-A0E27F5EF6E1} = {965FB787-5D32-4376-8167-9C27D31A1957}
		{B9D6AA00-3753-4397-B703-DEF13C9B02D6} = {39803295-8758-4B4F-B4BC-65E176C4BD1E}
		{65CE596B-3DD9-4745-B399-3B4473D295AA} = {965FB787-5D32-4376-8167-9C27D31A1957}
		{D361D817-FD89-44B1-896E-96FA9535D851} = {965FB787-5D32-4376-8167-9C27D31A1957}
		{F5B7F285-2D23-43E8-961C-F5D2F5DC4388} = {965FB787-5D32-4376-8167-9C27D31A1957}
		{709D4055-5F06-4DA2-9A5E-20A6E2662D0B} = {965FB787-5D32-4376-8167-9C27D31A1957}
		{65B8A037-59ED-4B75-AC59-68C8202F67CB} = {965FB787-5D32-4376-8167-9C27D31A1957}
		{5AE1B915-122B-40D6-8D6B-762618699B2A} = {965FB787-5D32-4376-8167-9C27D31A1957}
		{064F30FF-6B0E-44DC-9098-F3F584E101E3} = {965FB787-5D32-4376-8167-9C27D31A1957}
		{127A91B2-7AD5-4295-9794-83D7CA63A327} = {965FB787-5D32-4376-8167-9C27D31A1957}
		{060F6D40-62F2-4CFA-A4D5-3B0336DA3AFB} = {965FB787-5D32-4376-8167-9C27D31A1957}
		{B2B84A61-45A3-47EC-A000-AD4C7C21816B} = {39803295-8758-4B4F-B4BC-65E176C4BD1E}
		{BAD33AD4-1F75-4F6C-86CC-C494E4738103} = {965FB787-5D32-4376-8167-9C27D31A1957}
		{48454C10-2FD0-4E18-A7C7-FB586F4FE161} = {965FB787-5D32-4376-8167-9C27D31A1957}
	EndGlobalSection
	GlobalSection(ExtensibilityGlobals) = postSolution
		SolutionGuid = {B63E0B92-308E-443F-851C-9D06C966EF95}
	EndGlobalSection
EndGlobal
