
Microsoft Visual Studio Solution File, Format Version 12.00
# Visual Studio Version 17
VisualStudioVersion = 17.2.32630.192
MinimumVisualStudioVersion = 10.0.40219.1
Project("{2150E333-8FDC-42A3-9474-1A3956D46DE8}") = "Source", "Source", "{965FB787-5D32-4376-8167-9C27D31A1957}"
	ProjectSection(SolutionItems) = preProject
		Source\Directory.Build.props = Source\Directory.Build.props
	EndProjectSection
EndProject
Project("{9A19103F-16F7-4668-BE54-9A1E7A4F7556}") = "Froggie.Api", "Source\Froggie.Api\Froggie.Api.csproj", "{6A27C706-1BB7-4F7A-AB3A-E2557E211B72}"
EndProject
Project("{9A19103F-16F7-4668-BE54-9A1E7A4F7556}") = "Froggie.Domain", "Source\Froggie.Domain\Froggie.Domain.csproj", "{7C587FE1-C8B9-4ADF-A72C-2FF3D2304554}"
EndProject
Project("{9A19103F-16F7-4668-BE54-9A1E7A4F7556}") = "Froggie.Data", "Source\Froggie.Data\Froggie.Data.csproj", "{09609C79-8382-4A24-B062-6D108E14C300}"
EndProject
Project("{2150E333-8FDC-42A3-9474-1A3956D46DE8}") = "Test", "Test", "{39803295-8758-4B4F-B4BC-65E176C4BD1E}"
	ProjectSection(SolutionItems) = preProject
		Test\Directory.Build.props = Test\Directory.Build.props
	EndProjectSection
EndProject
Project("{9A19103F-16F7-4668-BE54-9A1E7A4F7556}") = "Froggie.Api.Test", "Test\Froggie.Api.Test\Froggie.Api.Test.csproj", "{A7E76BFA-5D73-40CB-9F27-C180B89DFB7F}"
EndProject
Project("{9A19103F-16F7-4668-BE54-9A1E7A4F7556}") = "Froggie.Domain.Test", "Test\Froggie.Domain.Test\Froggie.Domain.Test.csproj", "{7F733132-F463-4F2D-9E89-556EE638AF27}"
EndProject
Project("{9A19103F-16F7-4668-BE54-9A1E7A4F7556}") = "Froggie.Data.Test", "Test\Froggie.Data.Test\Froggie.Data.Test.csproj", "{873C4B3D-C41F-45C2-A125-0BB6F92F2DFB}"
EndProject
Project("{2150E333-8FDC-42A3-9474-1A3956D46DE8}") = "Solution", "Solution", "{D765EF67-E79B-4E4B-9C39-E142AC57203C}"
	ProjectSection(SolutionItems) = preProject
		Directory.Build.props = Directory.Build.props
	EndProjectSection
EndProject
Project("{2150E333-8FDC-42A3-9474-1A3956D46DE8}") = "Common", "Common", "{32D2BC20-A206-4576-B8E5-35A28FBACE25}"
EndProject
Project("{9A19103F-16F7-4668-BE54-9A1E7A4F7556}") = "LittleByte.Domain", "Common-DotNet\LittleByte.Domain\LittleByte.Domain.csproj", "{D5841C30-9E1B-4643-9E85-12FDEEE73E0A}"
EndProject
Project("{9A19103F-16F7-4668-BE54-9A1E7A4F7556}") = "LittleByte.Validation", "Common-DotNet\LittleByte.Validation\LittleByte.Validation.csproj", "{615FCFB3-31D4-4294-B08E-7525BD1399D3}"
EndProject
Project("{9A19103F-16F7-4668-BE54-9A1E7A4F7556}") = "LittleByte.Configuration", "Common-DotNet\LittleByte.Configuration\LittleByte.Configuration.csproj", "{4B00EFDC-F683-4601-9376-85C9555CE0F0}"
EndProject
Project("{9A19103F-16F7-4668-BE54-9A1E7A4F7556}") = "LittleByte.Core", "Common-DotNet\LittleByte.Core\LittleByte.Core.csproj", "{D58FEEF2-B0A9-469E-9F66-307EDCADD5FE}"
EndProject
Project("{9A19103F-16F7-4668-BE54-9A1E7A4F7556}") = "LittleByte.Logging", "Common-DotNet\LittleByte.Logging\LittleByte.Logging.csproj", "{93D52415-CF1B-4932-AF30-DC74D49DDC27}"
EndProject
Project("{9A19103F-16F7-4668-BE54-9A1E7A4F7556}") = "LittleByte.Extensions.AspNet", "Common-DotNet\LittleByte.Extensions.AspNet\LittleByte.Extensions.AspNet.csproj", "{181A2114-97A2-4B63-A911-09D876B820A6}"
EndProject
Project("{9A19103F-16F7-4668-BE54-9A1E7A4F7556}") = "LittleByte.Validation.Test", "Common-DotNet\LittleByte.Validation.Test\LittleByte.Validation.Test.csproj", "{E828C7A5-4EBD-4EA5-B4DA-5DE635F7EB11}"
EndProject
Project("{9A19103F-16F7-4668-BE54-9A1E7A4F7556}") = "LittleByte.Identity", "Common-DotNet\LittleByte.Identity\LittleByte.Identity.csproj", "{535F043A-A574-43DD-A9C8-755C68403A14}"
EndProject
Project("{9A19103F-16F7-4668-BE54-9A1E7A4F7556}") = "LittleByte.Infra", "Common-DotNet\LittleByte.Infra\LittleByte.Infra.csproj", "{DE53D130-D963-4134-8A30-B9ED3323C31D}"
EndProject
Global
	GlobalSection(SolutionConfigurationPlatforms) = preSolution
		Debug|Any CPU = Debug|Any CPU
		Local|Any CPU = Local|Any CPU
		Release|Any CPU = Release|Any CPU
	EndGlobalSection
	GlobalSection(ProjectConfigurationPlatforms) = postSolution
		{6A27C706-1BB7-4F7A-AB3A-E2557E211B72}.Debug|Any CPU.ActiveCfg = Debug|Any CPU
		{6A27C706-1BB7-4F7A-AB3A-E2557E211B72}.Debug|Any CPU.Build.0 = Debug|Any CPU
		{6A27C706-1BB7-4F7A-AB3A-E2557E211B72}.Local|Any CPU.ActiveCfg = Release|Any CPU
		{6A27C706-1BB7-4F7A-AB3A-E2557E211B72}.Local|Any CPU.Build.0 = Release|Any CPU
		{6A27C706-1BB7-4F7A-AB3A-E2557E211B72}.Release|Any CPU.ActiveCfg = Release|Any CPU
		{6A27C706-1BB7-4F7A-AB3A-E2557E211B72}.Release|Any CPU.Build.0 = Release|Any CPU
		{7C587FE1-C8B9-4ADF-A72C-2FF3D2304554}.Debug|Any CPU.ActiveCfg = Debug|Any CPU
		{7C587FE1-C8B9-4ADF-A72C-2FF3D2304554}.Debug|Any CPU.Build.0 = Debug|Any CPU
		{7C587FE1-C8B9-4ADF-A72C-2FF3D2304554}.Local|Any CPU.ActiveCfg = Release|Any CPU
		{7C587FE1-C8B9-4ADF-A72C-2FF3D2304554}.Local|Any CPU.Build.0 = Release|Any CPU
		{7C587FE1-C8B9-4ADF-A72C-2FF3D2304554}.Release|Any CPU.ActiveCfg = Release|Any CPU
		{7C587FE1-C8B9-4ADF-A72C-2FF3D2304554}.Release|Any CPU.Build.0 = Release|Any CPU
		{09609C79-8382-4A24-B062-6D108E14C300}.Debug|Any CPU.ActiveCfg = Debug|Any CPU
		{09609C79-8382-4A24-B062-6D108E14C300}.Debug|Any CPU.Build.0 = Debug|Any CPU
		{09609C79-8382-4A24-B062-6D108E14C300}.Local|Any CPU.ActiveCfg = Release|Any CPU
		{09609C79-8382-4A24-B062-6D108E14C300}.Local|Any CPU.Build.0 = Release|Any CPU
		{09609C79-8382-4A24-B062-6D108E14C300}.Release|Any CPU.ActiveCfg = Release|Any CPU
		{09609C79-8382-4A24-B062-6D108E14C300}.Release|Any CPU.Build.0 = Release|Any CPU
		{A7E76BFA-5D73-40CB-9F27-C180B89DFB7F}.Debug|Any CPU.ActiveCfg = Debug|Any CPU
		{A7E76BFA-5D73-40CB-9F27-C180B89DFB7F}.Debug|Any CPU.Build.0 = Debug|Any CPU
		{A7E76BFA-5D73-40CB-9F27-C180B89DFB7F}.Local|Any CPU.ActiveCfg = Release|Any CPU
		{A7E76BFA-5D73-40CB-9F27-C180B89DFB7F}.Local|Any CPU.Build.0 = Release|Any CPU
		{A7E76BFA-5D73-40CB-9F27-C180B89DFB7F}.Release|Any CPU.ActiveCfg = Release|Any CPU
		{A7E76BFA-5D73-40CB-9F27-C180B89DFB7F}.Release|Any CPU.Build.0 = Release|Any CPU
		{7F733132-F463-4F2D-9E89-556EE638AF27}.Debug|Any CPU.ActiveCfg = Debug|Any CPU
		{7F733132-F463-4F2D-9E89-556EE638AF27}.Debug|Any CPU.Build.0 = Debug|Any CPU
		{7F733132-F463-4F2D-9E89-556EE638AF27}.Local|Any CPU.ActiveCfg = Release|Any CPU
		{7F733132-F463-4F2D-9E89-556EE638AF27}.Local|Any CPU.Build.0 = Release|Any CPU
		{7F733132-F463-4F2D-9E89-556EE638AF27}.Release|Any CPU.ActiveCfg = Release|Any CPU
		{7F733132-F463-4F2D-9E89-556EE638AF27}.Release|Any CPU.Build.0 = Release|Any CPU
		{873C4B3D-C41F-45C2-A125-0BB6F92F2DFB}.Debug|Any CPU.ActiveCfg = Debug|Any CPU
		{873C4B3D-C41F-45C2-A125-0BB6F92F2DFB}.Debug|Any CPU.Build.0 = Debug|Any CPU
		{873C4B3D-C41F-45C2-A125-0BB6F92F2DFB}.Local|Any CPU.ActiveCfg = Release|Any CPU
		{873C4B3D-C41F-45C2-A125-0BB6F92F2DFB}.Local|Any CPU.Build.0 = Release|Any CPU
		{873C4B3D-C41F-45C2-A125-0BB6F92F2DFB}.Release|Any CPU.ActiveCfg = Release|Any CPU
		{873C4B3D-C41F-45C2-A125-0BB6F92F2DFB}.Release|Any CPU.Build.0 = Release|Any CPU
		{D5841C30-9E1B-4643-9E85-12FDEEE73E0A}.Debug|Any CPU.ActiveCfg = Debug|Any CPU
		{D5841C30-9E1B-4643-9E85-12FDEEE73E0A}.Debug|Any CPU.Build.0 = Debug|Any CPU
		{D5841C30-9E1B-4643-9E85-12FDEEE73E0A}.Local|Any CPU.ActiveCfg = Local|Any CPU
		{D5841C30-9E1B-4643-9E85-12FDEEE73E0A}.Local|Any CPU.Build.0 = Local|Any CPU
		{D5841C30-9E1B-4643-9E85-12FDEEE73E0A}.Release|Any CPU.ActiveCfg = Release|Any CPU
		{D5841C30-9E1B-4643-9E85-12FDEEE73E0A}.Release|Any CPU.Build.0 = Release|Any CPU
		{615FCFB3-31D4-4294-B08E-7525BD1399D3}.Debug|Any CPU.ActiveCfg = Debug|Any CPU
		{615FCFB3-31D4-4294-B08E-7525BD1399D3}.Debug|Any CPU.Build.0 = Debug|Any CPU
		{615FCFB3-31D4-4294-B08E-7525BD1399D3}.Local|Any CPU.ActiveCfg = Local|Any CPU
		{615FCFB3-31D4-4294-B08E-7525BD1399D3}.Local|Any CPU.Build.0 = Local|Any CPU
		{615FCFB3-31D4-4294-B08E-7525BD1399D3}.Release|Any CPU.ActiveCfg = Release|Any CPU
		{615FCFB3-31D4-4294-B08E-7525BD1399D3}.Release|Any CPU.Build.0 = Release|Any CPU
		{4B00EFDC-F683-4601-9376-85C9555CE0F0}.Debug|Any CPU.ActiveCfg = Debug|Any CPU
		{4B00EFDC-F683-4601-9376-85C9555CE0F0}.Debug|Any CPU.Build.0 = Debug|Any CPU
		{4B00EFDC-F683-4601-9376-85C9555CE0F0}.Local|Any CPU.ActiveCfg = Local|Any CPU
		{4B00EFDC-F683-4601-9376-85C9555CE0F0}.Local|Any CPU.Build.0 = Local|Any CPU
		{4B00EFDC-F683-4601-9376-85C9555CE0F0}.Release|Any CPU.ActiveCfg = Release|Any CPU
		{4B00EFDC-F683-4601-9376-85C9555CE0F0}.Release|Any CPU.Build.0 = Release|Any CPU
		{D58FEEF2-B0A9-469E-9F66-307EDCADD5FE}.Debug|Any CPU.ActiveCfg = Debug|Any CPU
		{D58FEEF2-B0A9-469E-9F66-307EDCADD5FE}.Debug|Any CPU.Build.0 = Debug|Any CPU
		{D58FEEF2-B0A9-469E-9F66-307EDCADD5FE}.Local|Any CPU.ActiveCfg = Local|Any CPU
		{D58FEEF2-B0A9-469E-9F66-307EDCADD5FE}.Local|Any CPU.Build.0 = Local|Any CPU
		{D58FEEF2-B0A9-469E-9F66-307EDCADD5FE}.Release|Any CPU.ActiveCfg = Release|Any CPU
		{D58FEEF2-B0A9-469E-9F66-307EDCADD5FE}.Release|Any CPU.Build.0 = Release|Any CPU
		{93D52415-CF1B-4932-AF30-DC74D49DDC27}.Debug|Any CPU.ActiveCfg = Debug|Any CPU
		{93D52415-CF1B-4932-AF30-DC74D49DDC27}.Debug|Any CPU.Build.0 = Debug|Any CPU
		{93D52415-CF1B-4932-AF30-DC74D49DDC27}.Local|Any CPU.ActiveCfg = Local|Any CPU
		{93D52415-CF1B-4932-AF30-DC74D49DDC27}.Local|Any CPU.Build.0 = Local|Any CPU
		{93D52415-CF1B-4932-AF30-DC74D49DDC27}.Release|Any CPU.ActiveCfg = Release|Any CPU
		{93D52415-CF1B-4932-AF30-DC74D49DDC27}.Release|Any CPU.Build.0 = Release|Any CPU
		{181A2114-97A2-4B63-A911-09D876B820A6}.Debug|Any CPU.ActiveCfg = Debug|Any CPU
		{181A2114-97A2-4B63-A911-09D876B820A6}.Debug|Any CPU.Build.0 = Debug|Any CPU
		{181A2114-97A2-4B63-A911-09D876B820A6}.Local|Any CPU.ActiveCfg = Local|Any CPU
		{181A2114-97A2-4B63-A911-09D876B820A6}.Local|Any CPU.Build.0 = Local|Any CPU
		{181A2114-97A2-4B63-A911-09D876B820A6}.Release|Any CPU.ActiveCfg = Release|Any CPU
		{181A2114-97A2-4B63-A911-09D876B820A6}.Release|Any CPU.Build.0 = Release|Any CPU
		{E828C7A5-4EBD-4EA5-B4DA-5DE635F7EB11}.Debug|Any CPU.ActiveCfg = Debug|Any CPU
		{E828C7A5-4EBD-4EA5-B4DA-5DE635F7EB11}.Debug|Any CPU.Build.0 = Debug|Any CPU
		{E828C7A5-4EBD-4EA5-B4DA-5DE635F7EB11}.Local|Any CPU.ActiveCfg = Local|Any CPU
		{E828C7A5-4EBD-4EA5-B4DA-5DE635F7EB11}.Local|Any CPU.Build.0 = Local|Any CPU
		{E828C7A5-4EBD-4EA5-B4DA-5DE635F7EB11}.Release|Any CPU.ActiveCfg = Release|Any CPU
		{E828C7A5-4EBD-4EA5-B4DA-5DE635F7EB11}.Release|Any CPU.Build.0 = Release|Any CPU
		{535F043A-A574-43DD-A9C8-755C68403A14}.Debug|Any CPU.ActiveCfg = Debug|Any CPU
		{535F043A-A574-43DD-A9C8-755C68403A14}.Debug|Any CPU.Build.0 = Debug|Any CPU
		{535F043A-A574-43DD-A9C8-755C68403A14}.Local|Any CPU.ActiveCfg = Local|Any CPU
		{535F043A-A574-43DD-A9C8-755C68403A14}.Local|Any CPU.Build.0 = Local|Any CPU
		{535F043A-A574-43DD-A9C8-755C68403A14}.Release|Any CPU.ActiveCfg = Release|Any CPU
		{535F043A-A574-43DD-A9C8-755C68403A14}.Release|Any CPU.Build.0 = Release|Any CPU
		{DE53D130-D963-4134-8A30-B9ED3323C31D}.Debug|Any CPU.ActiveCfg = Debug|Any CPU
		{DE53D130-D963-4134-8A30-B9ED3323C31D}.Debug|Any CPU.Build.0 = Debug|Any CPU
		{DE53D130-D963-4134-8A30-B9ED3323C31D}.Local|Any CPU.ActiveCfg = Local|Any CPU
		{DE53D130-D963-4134-8A30-B9ED3323C31D}.Local|Any CPU.Build.0 = Local|Any CPU
		{DE53D130-D963-4134-8A30-B9ED3323C31D}.Release|Any CPU.ActiveCfg = Release|Any CPU
		{DE53D130-D963-4134-8A30-B9ED3323C31D}.Release|Any CPU.Build.0 = Release|Any CPU
	EndGlobalSection
	GlobalSection(SolutionProperties) = preSolution
		HideSolutionNode = FALSE
	EndGlobalSection
	GlobalSection(NestedProjects) = preSolution
		{6A27C706-1BB7-4F7A-AB3A-E2557E211B72} = {965FB787-5D32-4376-8167-9C27D31A1957}
		{7C587FE1-C8B9-4ADF-A72C-2FF3D2304554} = {965FB787-5D32-4376-8167-9C27D31A1957}
		{09609C79-8382-4A24-B062-6D108E14C300} = {965FB787-5D32-4376-8167-9C27D31A1957}
		{A7E76BFA-5D73-40CB-9F27-C180B89DFB7F} = {39803295-8758-4B4F-B4BC-65E176C4BD1E}
		{7F733132-F463-4F2D-9E89-556EE638AF27} = {39803295-8758-4B4F-B4BC-65E176C4BD1E}
		{873C4B3D-C41F-45C2-A125-0BB6F92F2DFB} = {39803295-8758-4B4F-B4BC-65E176C4BD1E}
		{D5841C30-9E1B-4643-9E85-12FDEEE73E0A} = {32D2BC20-A206-4576-B8E5-35A28FBACE25}
		{615FCFB3-31D4-4294-B08E-7525BD1399D3} = {32D2BC20-A206-4576-B8E5-35A28FBACE25}
		{4B00EFDC-F683-4601-9376-85C9555CE0F0} = {32D2BC20-A206-4576-B8E5-35A28FBACE25}
		{D58FEEF2-B0A9-469E-9F66-307EDCADD5FE} = {32D2BC20-A206-4576-B8E5-35A28FBACE25}
		{93D52415-CF1B-4932-AF30-DC74D49DDC27} = {32D2BC20-A206-4576-B8E5-35A28FBACE25}
		{181A2114-97A2-4B63-A911-09D876B820A6} = {32D2BC20-A206-4576-B8E5-35A28FBACE25}
		{E828C7A5-4EBD-4EA5-B4DA-5DE635F7EB11} = {32D2BC20-A206-4576-B8E5-35A28FBACE25}
		{535F043A-A574-43DD-A9C8-755C68403A14} = {32D2BC20-A206-4576-B8E5-35A28FBACE25}
		{DE53D130-D963-4134-8A30-B9ED3323C31D} = {32D2BC20-A206-4576-B8E5-35A28FBACE25}
	EndGlobalSection
	GlobalSection(ExtensibilityGlobals) = postSolution
		SolutionGuid = {B63E0B92-308E-443F-851C-9D06C966EF95}
	EndGlobalSection
EndGlobal
